
Microsoft Visual Studio Solution File, Format Version 12.00
# Visual Studio Version 16
VisualStudioVersion = 25.0.1700.0
MinimumVisualStudioVersion = 10.0.40219.1
Project("{FAE04EC0-301F-11D3-BF4B-00C04F79EFBC}") = "WorkerSvc", "WorkerSvc\WorkerSvc.csproj", "{1D61993E-A103-4A3D-AE4A-85696DEEC836}"
EndProject
Global
	GlobalSection(SolutionConfigurationPlatforms) = preSolution
		Debug|Any CPU = Debug|Any CPU
		Release|Any CPU = Release|Any CPU
	EndGlobalSection
	GlobalSection(ProjectConfigurationPlatforms) = postSolution
		{1D61993E-A103-4A3D-AE4A-85696DEEC836}.Debug|Any CPU.ActiveCfg = Debug|Any CPU
		{1D61993E-A103-4A3D-AE4A-85696DEEC836}.Debug|Any CPU.Build.0 = Debug|Any CPU
		{1D61993E-A103-4A3D-AE4A-85696DEEC836}.Release|Any CPU.ActiveCfg = Release|Any CPU
		{1D61993E-A103-4A3D-AE4A-85696DEEC836}.Release|Any CPU.Build.0 = Release|Any CPU
	EndGlobalSection
	GlobalSection(SolutionProperties) = preSolution
		HideSolutionNode = FALSE
	EndGlobalSection
	GlobalSection(ExtensibilityGlobals) = postSolution
		SolutionGuid = {045F26A4-03DA-4A3B-B9E6-1C9326A79FC1}
	EndGlobalSection
EndGlobal
